
Microsoft Visual Studio Solution File, Format Version 12.00
# Visual Studio Version 17
VisualStudioVersion = 17.1.32414.318
MinimumVisualStudioVersion = 15.0.26124.0
Project("{2150E333-8FDC-42A3-9474-1A3956D46DE8}") = "src", "src", "{36B0B268-BEB8-41AB-9ABC-D4030362F3F1}"
EndProject
Project("{9A19103F-16F7-4668-BE54-9A1E7A4F7556}") = "Blockcore.Status", "src\Blockcore.Status\Blockcore.Status.csproj", "{2297A266-8592-43FE-ADD3-8A38B102D7D6}"
EndProject
Project("{9A19103F-16F7-4668-BE54-9A1E7A4F7556}") = "Blockcore.Status.Services", "src\Blockcore.Status.Services\Blockcore.Status.Services.csproj", "{B2A0D09F-900C-442D-A189-96D9AA4FFC64}"
EndProject
Project("{9A19103F-16F7-4668-BE54-9A1E7A4F7556}") = "Blockcore.Status.ViewModels", "src\Blockcore.Status.ViewModels\Blockcore.Status.ViewModels.csproj", "{C02C3264-B934-41CE-AF65-BEE3DF541AD3}"
EndProject
Project("{9A19103F-16F7-4668-BE54-9A1E7A4F7556}") = "Blockcore.Status.Entities", "src\Blockcore.Status.Entities\Blockcore.Status.Entities.csproj", "{F879045B-B29C-4AF7-B38B-1230617987B1}"
EndProject
Project("{9A19103F-16F7-4668-BE54-9A1E7A4F7556}") = "Blockcore.Status.DataLayer", "src\Blockcore.Status.DataLayer\Blockcore.Status.DataLayer.csproj", "{6CD5A649-DBE1-478A-AD1F-E2A57731283B}"
EndProject
Project("{9A19103F-16F7-4668-BE54-9A1E7A4F7556}") = "Blockcore.Status.MsTests", "src\Blockcore.Status.MsTests\Blockcore.Status.MsTests.csproj", "{CC9AD44C-903C-4446-9FE1-036C88DAF696}"
EndProject
Project("{9A19103F-16F7-4668-BE54-9A1E7A4F7556}") = "Blockcore.Status.Common", "src\Blockcore.Status.Common\Blockcore.Status.Common.csproj", "{35EF6FD8-946A-4A76-94CA-B2D3050F39FD}"
EndProject
Project("{9A19103F-16F7-4668-BE54-9A1E7A4F7556}") = "Blockcore.Status.IocConfig", "src\Blockcore.Status.IocConfig\Blockcore.Status.IocConfig.csproj", "{61DD7F28-AEB8-4B38-8E13-C51EC579F3F0}"
EndProject
Project("{9A19103F-16F7-4668-BE54-9A1E7A4F7556}") = "Blockcore.Status.DataLayer.InMemoryDatabase", "src\Blockcore.Status.DataLayer.InMemoryDatabase\Blockcore.Status.DataLayer.InMemoryDatabase.csproj", "{FDEA0249-2CFE-44DB-AF0F-5C2A8E613A51}"
EndProject
Project("{9A19103F-16F7-4668-BE54-9A1E7A4F7556}") = "Blockcore.Status.DataLayer.MSSQL", "src\Blockcore.Status.DataLayer.MSSQL\Blockcore.Status.DataLayer.MSSQL.csproj", "{FEC5A621-627D-4B26-8C42-9808BF234DAC}"
EndProject
Project("{9A19103F-16F7-4668-BE54-9A1E7A4F7556}") = "Blockcore.Status.DataLayer.SQLite", "src\Blockcore.Status.DataLayer.SQLite\Blockcore.Status.DataLayer.SQLite.csproj", "{3A0CE17A-7332-41E5-8262-35FD1F702BBD}"
EndProject
Global
	GlobalSection(SolutionConfigurationPlatforms) = preSolution
		Debug|Any CPU = Debug|Any CPU
		Debug|x64 = Debug|x64
		Debug|x86 = Debug|x86
		Release|Any CPU = Release|Any CPU
		Release|x64 = Release|x64
		Release|x86 = Release|x86
	EndGlobalSection
	GlobalSection(ProjectConfigurationPlatforms) = postSolution
		{2297A266-8592-43FE-ADD3-8A38B102D7D6}.Debug|Any CPU.ActiveCfg = Debug|Any CPU
		{2297A266-8592-43FE-ADD3-8A38B102D7D6}.Debug|Any CPU.Build.0 = Debug|Any CPU
		{2297A266-8592-43FE-ADD3-8A38B102D7D6}.Debug|x64.ActiveCfg = Debug|Any CPU
		{2297A266-8592-43FE-ADD3-8A38B102D7D6}.Debug|x64.Build.0 = Debug|Any CPU
		{2297A266-8592-43FE-ADD3-8A38B102D7D6}.Debug|x86.ActiveCfg = Debug|Any CPU
		{2297A266-8592-43FE-ADD3-8A38B102D7D6}.Debug|x86.Build.0 = Debug|Any CPU
		{2297A266-8592-43FE-ADD3-8A38B102D7D6}.Release|Any CPU.ActiveCfg = Release|Any CPU
		{2297A266-8592-43FE-ADD3-8A38B102D7D6}.Release|Any CPU.Build.0 = Release|Any CPU
		{2297A266-8592-43FE-ADD3-8A38B102D7D6}.Release|x64.ActiveCfg = Release|Any CPU
		{2297A266-8592-43FE-ADD3-8A38B102D7D6}.Release|x64.Build.0 = Release|Any CPU
		{2297A266-8592-43FE-ADD3-8A38B102D7D6}.Release|x86.ActiveCfg = Release|Any CPU
		{2297A266-8592-43FE-ADD3-8A38B102D7D6}.Release|x86.Build.0 = Release|Any CPU
		{B2A0D09F-900C-442D-A189-96D9AA4FFC64}.Debug|Any CPU.ActiveCfg = Debug|Any CPU
		{B2A0D09F-900C-442D-A189-96D9AA4FFC64}.Debug|Any CPU.Build.0 = Debug|Any CPU
		{B2A0D09F-900C-442D-A189-96D9AA4FFC64}.Debug|x64.ActiveCfg = Debug|Any CPU
		{B2A0D09F-900C-442D-A189-96D9AA4FFC64}.Debug|x64.Build.0 = Debug|Any CPU
		{B2A0D09F-900C-442D-A189-96D9AA4FFC64}.Debug|x86.ActiveCfg = Debug|Any CPU
		{B2A0D09F-900C-442D-A189-96D9AA4FFC64}.Debug|x86.Build.0 = Debug|Any CPU
		{B2A0D09F-900C-442D-A189-96D9AA4FFC64}.Release|Any CPU.ActiveCfg = Release|Any CPU
		{B2A0D09F-900C-442D-A189-96D9AA4FFC64}.Release|Any CPU.Build.0 = Release|Any CPU
		{B2A0D09F-900C-442D-A189-96D9AA4FFC64}.Release|x64.ActiveCfg = Release|Any CPU
		{B2A0D09F-900C-442D-A189-96D9AA4FFC64}.Release|x64.Build.0 = Release|Any CPU
		{B2A0D09F-900C-442D-A189-96D9AA4FFC64}.Release|x86.ActiveCfg = Release|Any CPU
		{B2A0D09F-900C-442D-A189-96D9AA4FFC64}.Release|x86.Build.0 = Release|Any CPU
		{C02C3264-B934-41CE-AF65-BEE3DF541AD3}.Debug|Any CPU.ActiveCfg = Debug|Any CPU
		{C02C3264-B934-41CE-AF65-BEE3DF541AD3}.Debug|Any CPU.Build.0 = Debug|Any CPU
		{C02C3264-B934-41CE-AF65-BEE3DF541AD3}.Debug|x64.ActiveCfg = Debug|Any CPU
		{C02C3264-B934-41CE-AF65-BEE3DF541AD3}.Debug|x64.Build.0 = Debug|Any CPU
		{C02C3264-B934-41CE-AF65-BEE3DF541AD3}.Debug|x86.ActiveCfg = Debug|Any CPU
		{C02C3264-B934-41CE-AF65-BEE3DF541AD3}.Debug|x86.Build.0 = Debug|Any CPU
		{C02C3264-B934-41CE-AF65-BEE3DF541AD3}.Release|Any CPU.ActiveCfg = Release|Any CPU
		{C02C3264-B934-41CE-AF65-BEE3DF541AD3}.Release|Any CPU.Build.0 = Release|Any CPU
		{C02C3264-B934-41CE-AF65-BEE3DF541AD3}.Release|x64.ActiveCfg = Release|Any CPU
		{C02C3264-B934-41CE-AF65-BEE3DF541AD3}.Release|x64.Build.0 = Release|Any CPU
		{C02C3264-B934-41CE-AF65-BEE3DF541AD3}.Release|x86.ActiveCfg = Release|Any CPU
		{C02C3264-B934-41CE-AF65-BEE3DF541AD3}.Release|x86.Build.0 = Release|Any CPU
		{F879045B-B29C-4AF7-B38B-1230617987B1}.Debug|Any CPU.ActiveCfg = Debug|Any CPU
		{F879045B-B29C-4AF7-B38B-1230617987B1}.Debug|Any CPU.Build.0 = Debug|Any CPU
		{F879045B-B29C-4AF7-B38B-1230617987B1}.Debug|x64.ActiveCfg = Debug|Any CPU
		{F879045B-B29C-4AF7-B38B-1230617987B1}.Debug|x64.Build.0 = Debug|Any CPU
		{F879045B-B29C-4AF7-B38B-1230617987B1}.Debug|x86.ActiveCfg = Debug|Any CPU
		{F879045B-B29C-4AF7-B38B-1230617987B1}.Debug|x86.Build.0 = Debug|Any CPU
		{F879045B-B29C-4AF7-B38B-1230617987B1}.Release|Any CPU.ActiveCfg = Release|Any CPU
		{F879045B-B29C-4AF7-B38B-1230617987B1}.Release|Any CPU.Build.0 = Release|Any CPU
		{F879045B-B29C-4AF7-B38B-1230617987B1}.Release|x64.ActiveCfg = Release|Any CPU
		{F879045B-B29C-4AF7-B38B-1230617987B1}.Release|x64.Build.0 = Release|Any CPU
		{F879045B-B29C-4AF7-B38B-1230617987B1}.Release|x86.ActiveCfg = Release|Any CPU
		{F879045B-B29C-4AF7-B38B-1230617987B1}.Release|x86.Build.0 = Release|Any CPU
		{6CD5A649-DBE1-478A-AD1F-E2A57731283B}.Debug|Any CPU.ActiveCfg = Debug|Any CPU
		{6CD5A649-DBE1-478A-AD1F-E2A57731283B}.Debug|Any CPU.Build.0 = Debug|Any CPU
		{6CD5A649-DBE1-478A-AD1F-E2A57731283B}.Debug|x64.ActiveCfg = Debug|Any CPU
		{6CD5A649-DBE1-478A-AD1F-E2A57731283B}.Debug|x64.Build.0 = Debug|Any CPU
		{6CD5A649-DBE1-478A-AD1F-E2A57731283B}.Debug|x86.ActiveCfg = Debug|Any CPU
		{6CD5A649-DBE1-478A-AD1F-E2A57731283B}.Debug|x86.Build.0 = Debug|Any CPU
		{6CD5A649-DBE1-478A-AD1F-E2A57731283B}.Release|Any CPU.ActiveCfg = Release|Any CPU
		{6CD5A649-DBE1-478A-AD1F-E2A57731283B}.Release|Any CPU.Build.0 = Release|Any CPU
		{6CD5A649-DBE1-478A-AD1F-E2A57731283B}.Release|x64.ActiveCfg = Release|Any CPU
		{6CD5A649-DBE1-478A-AD1F-E2A57731283B}.Release|x64.Build.0 = Release|Any CPU
		{6CD5A649-DBE1-478A-AD1F-E2A57731283B}.Release|x86.ActiveCfg = Release|Any CPU
		{6CD5A649-DBE1-478A-AD1F-E2A57731283B}.Release|x86.Build.0 = Release|Any CPU
		{CC9AD44C-903C-4446-9FE1-036C88DAF696}.Debug|Any CPU.ActiveCfg = Debug|Any CPU
		{CC9AD44C-903C-4446-9FE1-036C88DAF696}.Debug|Any CPU.Build.0 = Debug|Any CPU
		{CC9AD44C-903C-4446-9FE1-036C88DAF696}.Debug|x64.ActiveCfg = Debug|Any CPU
		{CC9AD44C-903C-4446-9FE1-036C88DAF696}.Debug|x64.Build.0 = Debug|Any CPU
		{CC9AD44C-903C-4446-9FE1-036C88DAF696}.Debug|x86.ActiveCfg = Debug|Any CPU
		{CC9AD44C-903C-4446-9FE1-036C88DAF696}.Debug|x86.Build.0 = Debug|Any CPU
		{CC9AD44C-903C-4446-9FE1-036C88DAF696}.Release|Any CPU.ActiveCfg = Release|Any CPU
		{CC9AD44C-903C-4446-9FE1-036C88DAF696}.Release|Any CPU.Build.0 = Release|Any CPU
		{CC9AD44C-903C-4446-9FE1-036C88DAF696}.Release|x64.ActiveCfg = Release|Any CPU
		{CC9AD44C-903C-4446-9FE1-036C88DAF696}.Release|x64.Build.0 = Release|Any CPU
		{CC9AD44C-903C-4446-9FE1-036C88DAF696}.Release|x86.ActiveCfg = Release|Any CPU
		{CC9AD44C-903C-4446-9FE1-036C88DAF696}.Release|x86.Build.0 = Release|Any CPU
		{35EF6FD8-946A-4A76-94CA-B2D3050F39FD}.Debug|Any CPU.ActiveCfg = Debug|Any CPU
		{35EF6FD8-946A-4A76-94CA-B2D3050F39FD}.Debug|Any CPU.Build.0 = Debug|Any CPU
		{35EF6FD8-946A-4A76-94CA-B2D3050F39FD}.Debug|x64.ActiveCfg = Debug|Any CPU
		{35EF6FD8-946A-4A76-94CA-B2D3050F39FD}.Debug|x64.Build.0 = Debug|Any CPU
		{35EF6FD8-946A-4A76-94CA-B2D3050F39FD}.Debug|x86.ActiveCfg = Debug|Any CPU
		{35EF6FD8-946A-4A76-94CA-B2D3050F39FD}.Debug|x86.Build.0 = Debug|Any CPU
		{35EF6FD8-946A-4A76-94CA-B2D3050F39FD}.Release|Any CPU.ActiveCfg = Release|Any CPU
		{35EF6FD8-946A-4A76-94CA-B2D3050F39FD}.Release|Any CPU.Build.0 = Release|Any CPU
		{35EF6FD8-946A-4A76-94CA-B2D3050F39FD}.Release|x64.ActiveCfg = Release|Any CPU
		{35EF6FD8-946A-4A76-94CA-B2D3050F39FD}.Release|x64.Build.0 = Release|Any CPU
		{35EF6FD8-946A-4A76-94CA-B2D3050F39FD}.Release|x86.ActiveCfg = Release|Any CPU
		{35EF6FD8-946A-4A76-94CA-B2D3050F39FD}.Release|x86.Build.0 = Release|Any CPU
		{61DD7F28-AEB8-4B38-8E13-C51EC579F3F0}.Debug|Any CPU.ActiveCfg = Debug|Any CPU
		{61DD7F28-AEB8-4B38-8E13-C51EC579F3F0}.Debug|Any CPU.Build.0 = Debug|Any CPU
		{61DD7F28-AEB8-4B38-8E13-C51EC579F3F0}.Debug|x64.ActiveCfg = Debug|Any CPU
		{61DD7F28-AEB8-4B38-8E13-C51EC579F3F0}.Debug|x64.Build.0 = Debug|Any CPU
		{61DD7F28-AEB8-4B38-8E13-C51EC579F3F0}.Debug|x86.ActiveCfg = Debug|Any CPU
		{61DD7F28-AEB8-4B38-8E13-C51EC579F3F0}.Debug|x86.Build.0 = Debug|Any CPU
		{61DD7F28-AEB8-4B38-8E13-C51EC579F3F0}.Release|Any CPU.ActiveCfg = Release|Any CPU
		{61DD7F28-AEB8-4B38-8E13-C51EC579F3F0}.Release|Any CPU.Build.0 = Release|Any CPU
		{61DD7F28-AEB8-4B38-8E13-C51EC579F3F0}.Release|x64.ActiveCfg = Release|Any CPU
		{61DD7F28-AEB8-4B38-8E13-C51EC579F3F0}.Release|x64.Build.0 = Release|Any CPU
		{61DD7F28-AEB8-4B38-8E13-C51EC579F3F0}.Release|x86.ActiveCfg = Release|Any CPU
		{61DD7F28-AEB8-4B38-8E13-C51EC579F3F0}.Release|x86.Build.0 = Release|Any CPU
		{FDEA0249-2CFE-44DB-AF0F-5C2A8E613A51}.Debug|Any CPU.ActiveCfg = Debug|Any CPU
		{FDEA0249-2CFE-44DB-AF0F-5C2A8E613A51}.Debug|Any CPU.Build.0 = Debug|Any CPU
		{FDEA0249-2CFE-44DB-AF0F-5C2A8E613A51}.Debug|x64.ActiveCfg = Debug|Any CPU
		{FDEA0249-2CFE-44DB-AF0F-5C2A8E613A51}.Debug|x64.Build.0 = Debug|Any CPU
		{FDEA0249-2CFE-44DB-AF0F-5C2A8E613A51}.Debug|x86.ActiveCfg = Debug|Any CPU
		{FDEA0249-2CFE-44DB-AF0F-5C2A8E613A51}.Debug|x86.Build.0 = Debug|Any CPU
		{FDEA0249-2CFE-44DB-AF0F-5C2A8E613A51}.Release|Any CPU.ActiveCfg = Release|Any CPU
		{FDEA0249-2CFE-44DB-AF0F-5C2A8E613A51}.Release|Any CPU.Build.0 = Release|Any CPU
		{FDEA0249-2CFE-44DB-AF0F-5C2A8E613A51}.Release|x64.ActiveCfg = Release|Any CPU
		{FDEA0249-2CFE-44DB-AF0F-5C2A8E613A51}.Release|x64.Build.0 = Release|Any CPU
		{FDEA0249-2CFE-44DB-AF0F-5C2A8E613A51}.Release|x86.ActiveCfg = Release|Any CPU
		{FDEA0249-2CFE-44DB-AF0F-5C2A8E613A51}.Release|x86.Build.0 = Release|Any CPU
		{FEC5A621-627D-4B26-8C42-9808BF234DAC}.Debug|Any CPU.ActiveCfg = Debug|Any CPU
		{FEC5A621-627D-4B26-8C42-9808BF234DAC}.Debug|Any CPU.Build.0 = Debug|Any CPU
		{FEC5A621-627D-4B26-8C42-9808BF234DAC}.Debug|x64.ActiveCfg = Debug|Any CPU
		{FEC5A621-627D-4B26-8C42-9808BF234DAC}.Debug|x64.Build.0 = Debug|Any CPU
		{FEC5A621-627D-4B26-8C42-9808BF234DAC}.Debug|x86.ActiveCfg = Debug|Any CPU
		{FEC5A621-627D-4B26-8C42-9808BF234DAC}.Debug|x86.Build.0 = Debug|Any CPU
		{FEC5A621-627D-4B26-8C42-9808BF234DAC}.Release|Any CPU.ActiveCfg = Release|Any CPU
		{FEC5A621-627D-4B26-8C42-9808BF234DAC}.Release|Any CPU.Build.0 = Release|Any CPU
		{FEC5A621-627D-4B26-8C42-9808BF234DAC}.Release|x64.ActiveCfg = Release|Any CPU
		{FEC5A621-627D-4B26-8C42-9808BF234DAC}.Release|x64.Build.0 = Release|Any CPU
		{FEC5A621-627D-4B26-8C42-9808BF234DAC}.Release|x86.ActiveCfg = Release|Any CPU
		{FEC5A621-627D-4B26-8C42-9808BF234DAC}.Release|x86.Build.0 = Release|Any CPU
		{3A0CE17A-7332-41E5-8262-35FD1F702BBD}.Debug|Any CPU.ActiveCfg = Debug|Any CPU
		{3A0CE17A-7332-41E5-8262-35FD1F702BBD}.Debug|Any CPU.Build.0 = Debug|Any CPU
		{3A0CE17A-7332-41E5-8262-35FD1F702BBD}.Debug|x64.ActiveCfg = Debug|Any CPU
		{3A0CE17A-7332-41E5-8262-35FD1F702BBD}.Debug|x64.Build.0 = Debug|Any CPU
		{3A0CE17A-7332-41E5-8262-35FD1F702BBD}.Debug|x86.ActiveCfg = Debug|Any CPU
		{3A0CE17A-7332-41E5-8262-35FD1F702BBD}.Debug|x86.Build.0 = Debug|Any CPU
		{3A0CE17A-7332-41E5-8262-35FD1F702BBD}.Release|Any CPU.ActiveCfg = Release|Any CPU
		{3A0CE17A-7332-41E5-8262-35FD1F702BBD}.Release|Any CPU.Build.0 = Release|Any CPU
		{3A0CE17A-7332-41E5-8262-35FD1F702BBD}.Release|x64.ActiveCfg = Release|Any CPU
		{3A0CE17A-7332-41E5-8262-35FD1F702BBD}.Release|x64.Build.0 = Release|Any CPU
		{3A0CE17A-7332-41E5-8262-35FD1F702BBD}.Release|x86.ActiveCfg = Release|Any CPU
		{3A0CE17A-7332-41E5-8262-35FD1F702BBD}.Release|x86.Build.0 = Release|Any CPU
	EndGlobalSection
	GlobalSection(SolutionProperties) = preSolution
		HideSolutionNode = FALSE
	EndGlobalSection
	GlobalSection(NestedProjects) = preSolution
		{2297A266-8592-43FE-ADD3-8A38B102D7D6} = {36B0B268-BEB8-41AB-9ABC-D4030362F3F1}
		{B2A0D09F-900C-442D-A189-96D9AA4FFC64} = {36B0B268-BEB8-41AB-9ABC-D4030362F3F1}
		{C02C3264-B934-41CE-AF65-BEE3DF541AD3} = {36B0B268-BEB8-41AB-9ABC-D4030362F3F1}
		{F879045B-B29C-4AF7-B38B-1230617987B1} = {36B0B268-BEB8-41AB-9ABC-D4030362F3F1}
		{6CD5A649-DBE1-478A-AD1F-E2A57731283B} = {36B0B268-BEB8-41AB-9ABC-D4030362F3F1}
		{CC9AD44C-903C-4446-9FE1-036C88DAF696} = {36B0B268-BEB8-41AB-9ABC-D4030362F3F1}
		{35EF6FD8-946A-4A76-94CA-B2D3050F39FD} = {36B0B268-BEB8-41AB-9ABC-D4030362F3F1}
		{61DD7F28-AEB8-4B38-8E13-C51EC579F3F0} = {36B0B268-BEB8-41AB-9ABC-D4030362F3F1}
		{FDEA0249-2CFE-44DB-AF0F-5C2A8E613A51} = {36B0B268-BEB8-41AB-9ABC-D4030362F3F1}
		{FEC5A621-627D-4B26-8C42-9808BF234DAC} = {36B0B268-BEB8-41AB-9ABC-D4030362F3F1}
		{3A0CE17A-7332-41E5-8262-35FD1F702BBD} = {36B0B268-BEB8-41AB-9ABC-D4030362F3F1}
	EndGlobalSection
	GlobalSection(ExtensibilityGlobals) = postSolution
		SolutionGuid = {953BAACA-ED25-47AE-841F-40DDBCD060B4}
	EndGlobalSection
EndGlobal
